
Microsoft Visual Studio Solution File, Format Version 12.00
# Visual Studio Version 17
VisualStudioVersion = 17.6.33712.159
MinimumVisualStudioVersion = 10.0.40219.1
Project("{FAE04EC0-301F-11D3-BF4B-00C04F79EFBC}") = "AZ204WebAppV1", "AZ204WebAppV1\AZ204WebAppV1.csproj", "{CF0AB3B8-793C-4881-AEC3-B40554031583}"
EndProject
Global
	GlobalSection(SolutionConfigurationPlatforms) = preSolution
		Debug|Any CPU = Debug|Any CPU
		Release|Any CPU = Release|Any CPU
	EndGlobalSection
	GlobalSection(ProjectConfigurationPlatforms) = postSolution
		{CF0AB3B8-793C-4881-AEC3-B40554031583}.Debug|Any CPU.ActiveCfg = Debug|Any CPU
		{CF0AB3B8-793C-4881-AEC3-B40554031583}.Debug|Any CPU.Build.0 = Debug|Any CPU
		{CF0AB3B8-793C-4881-AEC3-B40554031583}.Release|Any CPU.ActiveCfg = Release|Any CPU
		{CF0AB3B8-793C-4881-AEC3-B40554031583}.Release|Any CPU.Build.0 = Release|Any CPU
	EndGlobalSection
	GlobalSection(SolutionProperties) = preSolution
		HideSolutionNode = FALSE
	EndGlobalSection
	GlobalSection(ExtensibilityGlobals) = postSolution
		SolutionGuid = {AEA3F6AB-3D3F-4A0A-A86D-CB24BDFBB913}
	EndGlobalSection
EndGlobal
